// !$*UTF8*$!
{
	archiveVersion = 1;
	classes = {
	};
	objectVersion = 50;
	objects = {

/* Begin PBXBuildFile section */
		EA33E1D926958CCD00F85DF0 /* AppDelegate.swift in Sources */ = {isa = PBXBuildFile; fileRef = EA33E1D826958CCD00F85DF0 /* AppDelegate.swift */; };
		EA33E1DB26958CCD00F85DF0 /* SceneDelegate.swift in Sources */ = {isa = PBXBuildFile; fileRef = EA33E1DA26958CCD00F85DF0 /* SceneDelegate.swift */; };
		EA33E1DD26958CCD00F85DF0 /* MainViewController.swift in Sources */ = {isa = PBXBuildFile; fileRef = EA33E1DC26958CCD00F85DF0 /* MainViewController.swift */; };
		EA33E1E026958CCD00F85DF0 /* MainViewController.storyboard in Resources */ = {isa = PBXBuildFile; fileRef = EA33E1DE26958CCD00F85DF0 /* MainViewController.storyboard */; };
		EA33E1E226958CCD00F85DF0 /* Assets.xcassets in Resources */ = {isa = PBXBuildFile; fileRef = EA33E1E126958CCD00F85DF0 /* Assets.xcassets */; };
		EA33E1E526958CCD00F85DF0 /* LaunchScreen.storyboard in Resources */ = {isa = PBXBuildFile; fileRef = EA33E1E326958CCD00F85DF0 /* LaunchScreen.storyboard */; };
		EA33E1F726958E3000F85DF0 /* BaseViewController.swift in Sources */ = {isa = PBXBuildFile; fileRef = EA33E1F626958E3000F85DF0 /* BaseViewController.swift */; };
		EA33E1F926958E3B00F85DF0 /* AppCoordinator.swift in Sources */ = {isa = PBXBuildFile; fileRef = EA33E1F826958E3B00F85DF0 /* AppCoordinator.swift */; };
		EA33E1FB26958E4800F85DF0 /* CoordinatorDelegate.swift in Sources */ = {isa = PBXBuildFile; fileRef = EA33E1FA26958E4800F85DF0 /* CoordinatorDelegate.swift */; };
		EA33E1FD26958E5300F85DF0 /* CoordinatorProtocol.swift in Sources */ = {isa = PBXBuildFile; fileRef = EA33E1FC26958E5300F85DF0 /* CoordinatorProtocol.swift */; };
		EA33E1FF26958E6100F85DF0 /* Storyboarded.swift in Sources */ = {isa = PBXBuildFile; fileRef = EA33E1FE26958E6100F85DF0 /* Storyboarded.swift */; };
		EA33E20226959E2F00F85DF0 /* NetworkManager.swift in Sources */ = {isa = PBXBuildFile; fileRef = EA33E20126959E2F00F85DF0 /* NetworkManager.swift */; };
		EA33E2062695A65900F85DF0 /* SelectedCountriesViewController.swift in Sources */ = {isa = PBXBuildFile; fileRef = EA33E2052695A65900F85DF0 /* SelectedCountriesViewController.swift */; };
		EA33E2082695A66200F85DF0 /* SelectedCountriesViewController.storyboard in Resources */ = {isa = PBXBuildFile; fileRef = EA33E2072695A66200F85DF0 /* SelectedCountriesViewController.storyboard */; };
		EA33E20D2695AD0A00F85DF0 /* UITableView+Extension.swift in Sources */ = {isa = PBXBuildFile; fileRef = EA33E20C2695AD0A00F85DF0 /* UITableView+Extension.swift */; };
		EA33E20F2695AD1C00F85DF0 /* UITableViewCell+Extension.swift in Sources */ = {isa = PBXBuildFile; fileRef = EA33E20E2695AD1C00F85DF0 /* UITableViewCell+Extension.swift */; };
		EA33E2112695ADDD00F85DF0 /* SelectedCountriesDataSource.swift in Sources */ = {isa = PBXBuildFile; fileRef = EA33E2102695ADDD00F85DF0 /* SelectedCountriesDataSource.swift */; };
		EA33E2142695ADF300F85DF0 /* CountryCell.swift in Sources */ = {isa = PBXBuildFile; fileRef = EA33E2122695ADF300F85DF0 /* CountryCell.swift */; };
		EA33E2152695ADF300F85DF0 /* CountryCell.xib in Resources */ = {isa = PBXBuildFile; fileRef = EA33E2132695ADF300F85DF0 /* CountryCell.xib */; };
		EA33E2192695BF1C00F85DF0 /* SelectedCountryOnMapViewController.swift in Sources */ = {isa = PBXBuildFile; fileRef = EA33E2182695BF1C00F85DF0 /* SelectedCountryOnMapViewController.swift */; };
		EA33E21B2695BF2800F85DF0 /* SelectedCountryOnMapViewController.storyboard in Resources */ = {isa = PBXBuildFile; fileRef = EA33E21A2695BF2800F85DF0 /* SelectedCountryOnMapViewController.storyboard */; };
/* End PBXBuildFile section */

/* Begin PBXFileReference section */
		EA33E1D526958CCD00F85DF0 /* ThirdTeamWork.app */ = {isa = PBXFileReference; explicitFileType = wrapper.application; includeInIndex = 0; path = ThirdTeamWork.app; sourceTree = BUILT_PRODUCTS_DIR; };
		EA33E1D826958CCD00F85DF0 /* AppDelegate.swift */ = {isa = PBXFileReference; lastKnownFileType = sourcecode.swift; path = AppDelegate.swift; sourceTree = "<group>"; };
		EA33E1DA26958CCD00F85DF0 /* SceneDelegate.swift */ = {isa = PBXFileReference; lastKnownFileType = sourcecode.swift; path = SceneDelegate.swift; sourceTree = "<group>"; };
		EA33E1DC26958CCD00F85DF0 /* MainViewController.swift */ = {isa = PBXFileReference; lastKnownFileType = sourcecode.swift; path = MainViewController.swift; sourceTree = "<group>"; };
		EA33E1DF26958CCD00F85DF0 /* Base */ = {isa = PBXFileReference; lastKnownFileType = file.storyboard; name = Base; path = Base.lproj/MainViewController.storyboard; sourceTree = "<group>"; };
		EA33E1E126958CCD00F85DF0 /* Assets.xcassets */ = {isa = PBXFileReference; lastKnownFileType = folder.assetcatalog; path = Assets.xcassets; sourceTree = "<group>"; };
		EA33E1E426958CCD00F85DF0 /* Base */ = {isa = PBXFileReference; lastKnownFileType = file.storyboard; name = Base; path = Base.lproj/LaunchScreen.storyboard; sourceTree = "<group>"; };
		EA33E1E626958CCD00F85DF0 /* Info.plist */ = {isa = PBXFileReference; lastKnownFileType = text.plist.xml; path = Info.plist; sourceTree = "<group>"; };
		EA33E1F626958E3000F85DF0 /* BaseViewController.swift */ = {isa = PBXFileReference; lastKnownFileType = sourcecode.swift; path = BaseViewController.swift; sourceTree = "<group>"; };
		EA33E1F826958E3B00F85DF0 /* AppCoordinator.swift */ = {isa = PBXFileReference; lastKnownFileType = sourcecode.swift; path = AppCoordinator.swift; sourceTree = "<group>"; };
		EA33E1FA26958E4800F85DF0 /* CoordinatorDelegate.swift */ = {isa = PBXFileReference; lastKnownFileType = sourcecode.swift; path = CoordinatorDelegate.swift; sourceTree = "<group>"; };
		EA33E1FC26958E5300F85DF0 /* CoordinatorProtocol.swift */ = {isa = PBXFileReference; lastKnownFileType = sourcecode.swift; path = CoordinatorProtocol.swift; sourceTree = "<group>"; };
		EA33E1FE26958E6100F85DF0 /* Storyboarded.swift */ = {isa = PBXFileReference; lastKnownFileType = sourcecode.swift; path = Storyboarded.swift; sourceTree = "<group>"; };
		EA33E20126959E2F00F85DF0 /* NetworkManager.swift */ = {isa = PBXFileReference; lastKnownFileType = sourcecode.swift; path = NetworkManager.swift; sourceTree = "<group>"; };
		EA33E2052695A65900F85DF0 /* SelectedCountriesViewController.swift */ = {isa = PBXFileReference; lastKnownFileType = sourcecode.swift; path = SelectedCountriesViewController.swift; sourceTree = "<group>"; };
		EA33E2072695A66200F85DF0 /* SelectedCountriesViewController.storyboard */ = {isa = PBXFileReference; lastKnownFileType = file.storyboard; path = SelectedCountriesViewController.storyboard; sourceTree = "<group>"; };
		EA33E20C2695AD0A00F85DF0 /* UITableView+Extension.swift */ = {isa = PBXFileReference; lastKnownFileType = sourcecode.swift; path = "UITableView+Extension.swift"; sourceTree = "<group>"; };
		EA33E20E2695AD1C00F85DF0 /* UITableViewCell+Extension.swift */ = {isa = PBXFileReference; lastKnownFileType = sourcecode.swift; path = "UITableViewCell+Extension.swift"; sourceTree = "<group>"; };
		EA33E2102695ADDD00F85DF0 /* SelectedCountriesDataSource.swift */ = {isa = PBXFileReference; lastKnownFileType = sourcecode.swift; path = SelectedCountriesDataSource.swift; sourceTree = "<group>"; };
		EA33E2122695ADF300F85DF0 /* CountryCell.swift */ = {isa = PBXFileReference; lastKnownFileType = sourcecode.swift; path = CountryCell.swift; sourceTree = "<group>"; };
		EA33E2132695ADF300F85DF0 /* CountryCell.xib */ = {isa = PBXFileReference; lastKnownFileType = file.xib; path = CountryCell.xib; sourceTree = "<group>"; };
		EA33E2182695BF1C00F85DF0 /* SelectedCountryOnMapViewController.swift */ = {isa = PBXFileReference; lastKnownFileType = sourcecode.swift; path = SelectedCountryOnMapViewController.swift; sourceTree = "<group>"; };
		EA33E21A2695BF2800F85DF0 /* SelectedCountryOnMapViewController.storyboard */ = {isa = PBXFileReference; lastKnownFileType = file.storyboard; path = SelectedCountryOnMapViewController.storyboard; sourceTree = "<group>"; };
/* End PBXFileReference section */

/* Begin PBXFrameworksBuildPhase section */
		EA33E1D226958CCD00F85DF0 /* Frameworks */ = {
			isa = PBXFrameworksBuildPhase;
			buildActionMask = 2147483647;
			files = (
			);
			runOnlyForDeploymentPostprocessing = 0;
		};
/* End PBXFrameworksBuildPhase section */

/* Begin PBXGroup section */
		EA33E1CC26958CCD00F85DF0 = {
			isa = PBXGroup;
			children = (
				EA33E1D726958CCD00F85DF0 /* ThirdTeamWork */,
				EA33E1D626958CCD00F85DF0 /* Products */,
			);
			sourceTree = "<group>";
		};
		EA33E1D626958CCD00F85DF0 /* Products */ = {
			isa = PBXGroup;
			children = (
				EA33E1D526958CCD00F85DF0 /* ThirdTeamWork.app */,
			);
			name = Products;
			sourceTree = "<group>";
		};
		EA33E1D726958CCD00F85DF0 /* ThirdTeamWork */ = {
			isa = PBXGroup;
			children = (
				EA33E1EC26958D8600F85DF0 /* App */,
				EA33E1F126958DAF00F85DF0 /* Resources */,
				EA33E1F326958DFD00F85DF0 /* Infrastructure */,
				EA33E1ED26958D8E00F85DF0 /* Presentation */,
				EA33E1F226958DB600F85DF0 /* Supporting Files */,
			);
			path = ThirdTeamWork;
			sourceTree = "<group>";
		};
		EA33E1EC26958D8600F85DF0 /* App */ = {
			isa = PBXGroup;
			children = (
				EA33E1D826958CCD00F85DF0 /* AppDelegate.swift */,
				EA33E1DA26958CCD00F85DF0 /* SceneDelegate.swift */,
			);
			path = App;
			sourceTree = "<group>";
		};
		EA33E1ED26958D8E00F85DF0 /* Presentation */ = {
			isa = PBXGroup;
			children = (
				EA33E1EE26958D9E00F85DF0 /* Scenes */,
			);
			path = Presentation;
			sourceTree = "<group>";
		};
		EA33E1EE26958D9E00F85DF0 /* Scenes */ = {
			isa = PBXGroup;
			children = (
				EA33E2162695BEEB00F85DF0 /* SelectedCountryOnMap */,
				EA33E2032695A61B00F85DF0 /* SelectedCountries */,
				EA33E1F526958E2200F85DF0 /* Base */,
				EA33E1EF26958DA200F85DF0 /* Main */,
			);
			path = Scenes;
			sourceTree = "<group>";
		};
		EA33E1EF26958DA200F85DF0 /* Main */ = {
			isa = PBXGroup;
			children = (
				EA33E1F026958DA600F85DF0 /* View */,
			);
			path = Main;
			sourceTree = "<group>";
		};
		EA33E1F026958DA600F85DF0 /* View */ = {
			isa = PBXGroup;
			children = (
				EA33E1DC26958CCD00F85DF0 /* MainViewController.swift */,
				EA33E1DE26958CCD00F85DF0 /* MainViewController.storyboard */,
			);
			path = View;
			sourceTree = "<group>";
		};
		EA33E1F126958DAF00F85DF0 /* Resources */ = {
			isa = PBXGroup;
			children = (
				EA33E1E126958CCD00F85DF0 /* Assets.xcassets */,
			);
			path = Resources;
			sourceTree = "<group>";
		};
		EA33E1F226958DB600F85DF0 /* Supporting Files */ = {
			isa = PBXGroup;
			children = (
				EA33E1E326958CCD00F85DF0 /* LaunchScreen.storyboard */,
				EA33E1E626958CCD00F85DF0 /* Info.plist */,
			);
			path = "Supporting Files";
			sourceTree = "<group>";
		};
		EA33E1F326958DFD00F85DF0 /* Infrastructure */ = {
			isa = PBXGroup;
			children = (
				EA33E20B2695ACFA00F85DF0 /* Extension */,
				EA33E20026959E1E00F85DF0 /* Managers */,
				EA33E1F426958E1900F85DF0 /* Coordinator */,
			);
			path = Infrastructure;
			sourceTree = "<group>";
		};
		EA33E1F426958E1900F85DF0 /* Coordinator */ = {
			isa = PBXGroup;
			children = (
				EA33E1F826958E3B00F85DF0 /* AppCoordinator.swift */,
				EA33E1FA26958E4800F85DF0 /* CoordinatorDelegate.swift */,
				EA33E1FC26958E5300F85DF0 /* CoordinatorProtocol.swift */,
				EA33E1FE26958E6100F85DF0 /* Storyboarded.swift */,
			);
			path = Coordinator;
			sourceTree = "<group>";
		};
		EA33E1F526958E2200F85DF0 /* Base */ = {
			isa = PBXGroup;
			children = (
				EA33E1F626958E3000F85DF0 /* BaseViewController.swift */,
			);
			path = Base;
			sourceTree = "<group>";
		};
		EA33E20026959E1E00F85DF0 /* Managers */ = {
			isa = PBXGroup;
			children = (
				EA33E20126959E2F00F85DF0 /* NetworkManager.swift */,
			);
			path = Managers;
			sourceTree = "<group>";
		};
		EA33E2032695A61B00F85DF0 /* SelectedCountries */ = {
			isa = PBXGroup;
			children = (
				EA33E2092695AAD400F85DF0 /* ViewModel */,
				EA33E2042695A62900F85DF0 /* View */,
			);
			path = SelectedCountries;
			sourceTree = "<group>";
		};
		EA33E2042695A62900F85DF0 /* View */ = {
			isa = PBXGroup;
			children = (
				EA33E20A2695AADD00F85DF0 /* CountryCell */,
				EA33E2052695A65900F85DF0 /* SelectedCountriesViewController.swift */,
				EA33E2072695A66200F85DF0 /* SelectedCountriesViewController.storyboard */,
			);
			path = View;
			sourceTree = "<group>";
		};
		EA33E2092695AAD400F85DF0 /* ViewModel */ = {
			isa = PBXGroup;
			children = (
				EA33E2102695ADDD00F85DF0 /* SelectedCountriesDataSource.swift */,
			);
			path = ViewModel;
			sourceTree = "<group>";
		};
		EA33E20A2695AADD00F85DF0 /* CountryCell */ = {
			isa = PBXGroup;
			children = (
				EA33E2122695ADF300F85DF0 /* CountryCell.swift */,
				EA33E2132695ADF300F85DF0 /* CountryCell.xib */,
			);
			path = CountryCell;
			sourceTree = "<group>";
		};
		EA33E20B2695ACFA00F85DF0 /* Extension */ = {
			isa = PBXGroup;
			children = (
				EA33E20C2695AD0A00F85DF0 /* UITableView+Extension.swift */,
				EA33E20E2695AD1C00F85DF0 /* UITableViewCell+Extension.swift */,
			);
			path = Extension;
			sourceTree = "<group>";
		};
		EA33E2162695BEEB00F85DF0 /* SelectedCountryOnMap */ = {
			isa = PBXGroup;
			children = (
				EA33E2172695BEF400F85DF0 /* View */,
			);
			path = SelectedCountryOnMap;
			sourceTree = "<group>";
		};
		EA33E2172695BEF400F85DF0 /* View */ = {
			isa = PBXGroup;
			children = (
				EA33E2182695BF1C00F85DF0 /* SelectedCountryOnMapViewController.swift */,
				EA33E21A2695BF2800F85DF0 /* SelectedCountryOnMapViewController.storyboard */,
			);
			path = View;
			sourceTree = "<group>";
		};
/* End PBXGroup section */

/* Begin PBXNativeTarget section */
		EA33E1D426958CCD00F85DF0 /* ThirdTeamWork */ = {
			isa = PBXNativeTarget;
			buildConfigurationList = EA33E1E926958CCD00F85DF0 /* Build configuration list for PBXNativeTarget "ThirdTeamWork" */;
			buildPhases = (
				EA33E1D126958CCD00F85DF0 /* Sources */,
				EA33E1D226958CCD00F85DF0 /* Frameworks */,
				EA33E1D326958CCD00F85DF0 /* Resources */,
			);
			buildRules = (
			);
			dependencies = (
			);
			name = ThirdTeamWork;
			productName = ThirdTeamWork;
			productReference = EA33E1D526958CCD00F85DF0 /* ThirdTeamWork.app */;
			productType = "com.apple.product-type.application";
		};
/* End PBXNativeTarget section */

/* Begin PBXProject section */
		EA33E1CD26958CCD00F85DF0 /* Project object */ = {
			isa = PBXProject;
			attributes = {
				LastSwiftUpdateCheck = 1250;
				LastUpgradeCheck = 1250;
				TargetAttributes = {
					EA33E1D426958CCD00F85DF0 = {
						CreatedOnToolsVersion = 12.5;
					};
				};
			};
			buildConfigurationList = EA33E1D026958CCD00F85DF0 /* Build configuration list for PBXProject "ThirdTeamWork" */;
			compatibilityVersion = "Xcode 9.3";
			developmentRegion = en;
			hasScannedForEncodings = 0;
			knownRegions = (
				en,
				Base,
			);
			mainGroup = EA33E1CC26958CCD00F85DF0;
			productRefGroup = EA33E1D626958CCD00F85DF0 /* Products */;
			projectDirPath = "";
			projectRoot = "";
			targets = (
				EA33E1D426958CCD00F85DF0 /* ThirdTeamWork */,
			);
		};
/* End PBXProject section */

/* Begin PBXResourcesBuildPhase section */
		EA33E1D326958CCD00F85DF0 /* Resources */ = {
			isa = PBXResourcesBuildPhase;
			buildActionMask = 2147483647;
			files = (
				EA33E2152695ADF300F85DF0 /* CountryCell.xib in Resources */,
				EA33E1E526958CCD00F85DF0 /* LaunchScreen.storyboard in Resources */,
				EA33E2082695A66200F85DF0 /* SelectedCountriesViewController.storyboard in Resources */,
				EA33E1E226958CCD00F85DF0 /* Assets.xcassets in Resources */,
				EA33E1E026958CCD00F85DF0 /* MainViewController.storyboard in Resources */,
				EA33E21B2695BF2800F85DF0 /* SelectedCountryOnMapViewController.storyboard in Resources */,
			);
			runOnlyForDeploymentPostprocessing = 0;
		};
/* End PBXResourcesBuildPhase section */

/* Begin PBXSourcesBuildPhase section */
		EA33E1D126958CCD00F85DF0 /* Sources */ = {
			isa = PBXSourcesBuildPhase;
			buildActionMask = 2147483647;
			files = (
				EA33E20D2695AD0A00F85DF0 /* UITableView+Extension.swift in Sources */,
				EA33E20226959E2F00F85DF0 /* NetworkManager.swift in Sources */,
				EA33E1FD26958E5300F85DF0 /* CoordinatorProtocol.swift in Sources */,
				EA33E2112695ADDD00F85DF0 /* SelectedCountriesDataSource.swift in Sources */,
				EA33E2192695BF1C00F85DF0 /* SelectedCountryOnMapViewController.swift in Sources */,
				EA33E1DD26958CCD00F85DF0 /* MainViewController.swift in Sources */,
				EA33E1F726958E3000F85DF0 /* BaseViewController.swift in Sources */,
				EA33E2142695ADF300F85DF0 /* CountryCell.swift in Sources */,
				EA33E1F926958E3B00F85DF0 /* AppCoordinator.swift in Sources */,
				EA33E1D926958CCD00F85DF0 /* AppDelegate.swift in Sources */,
				EA33E20F2695AD1C00F85DF0 /* UITableViewCell+Extension.swift in Sources */,
				EA33E1DB26958CCD00F85DF0 /* SceneDelegate.swift in Sources */,
				EA33E1FB26958E4800F85DF0 /* CoordinatorDelegate.swift in Sources */,
				EA33E2062695A65900F85DF0 /* SelectedCountriesViewController.swift in Sources */,
				EA33E1FF26958E6100F85DF0 /* Storyboarded.swift in Sources */,
			);
			runOnlyForDeploymentPostprocessing = 0;
		};
/* End PBXSourcesBuildPhase section */

/* Begin PBXVariantGroup section */
		EA33E1DE26958CCD00F85DF0 /* MainViewController.storyboard */ = {
			isa = PBXVariantGroup;
			children = (
				EA33E1DF26958CCD00F85DF0 /* Base */,
			);
			name = MainViewController.storyboard;
			sourceTree = "<group>";
		};
		EA33E1E326958CCD00F85DF0 /* LaunchScreen.storyboard */ = {
			isa = PBXVariantGroup;
			children = (
				EA33E1E426958CCD00F85DF0 /* Base */,
			);
			name = LaunchScreen.storyboard;
			sourceTree = "<group>";
		};
/* End PBXVariantGroup section */

/* Begin XCBuildConfiguration section */
		EA33E1E726958CCD00F85DF0 /* Debug */ = {
			isa = XCBuildConfiguration;
			buildSettings = {
				ALWAYS_SEARCH_USER_PATHS = NO;
				CLANG_ANALYZER_NONNULL = YES;
				CLANG_ANALYZER_NUMBER_OBJECT_CONVERSION = YES_AGGRESSIVE;
				CLANG_CXX_LANGUAGE_STANDARD = "gnu++14";
				CLANG_CXX_LIBRARY = "libc++";
				CLANG_ENABLE_MODULES = YES;
				CLANG_ENABLE_OBJC_ARC = YES;
				CLANG_ENABLE_OBJC_WEAK = YES;
				CLANG_WARN_BLOCK_CAPTURE_AUTORELEASING = YES;
				CLANG_WARN_BOOL_CONVERSION = YES;
				CLANG_WARN_COMMA = YES;
				CLANG_WARN_CONSTANT_CONVERSION = YES;
				CLANG_WARN_DEPRECATED_OBJC_IMPLEMENTATIONS = YES;
				CLANG_WARN_DIRECT_OBJC_ISA_USAGE = YES_ERROR;
				CLANG_WARN_DOCUMENTATION_COMMENTS = YES;
				CLANG_WARN_EMPTY_BODY = YES;
				CLANG_WARN_ENUM_CONVERSION = YES;
				CLANG_WARN_INFINITE_RECURSION = YES;
				CLANG_WARN_INT_CONVERSION = YES;
				CLANG_WARN_NON_LITERAL_NULL_CONVERSION = YES;
				CLANG_WARN_OBJC_IMPLICIT_RETAIN_SELF = YES;
				CLANG_WARN_OBJC_LITERAL_CONVERSION = YES;
				CLANG_WARN_OBJC_ROOT_CLASS = YES_ERROR;
				CLANG_WARN_QUOTED_INCLUDE_IN_FRAMEWORK_HEADER = YES;
				CLANG_WARN_RANGE_LOOP_ANALYSIS = YES;
				CLANG_WARN_STRICT_PROTOTYPES = YES;
				CLANG_WARN_SUSPICIOUS_MOVE = YES;
				CLANG_WARN_UNGUARDED_AVAILABILITY = YES_AGGRESSIVE;
				CLANG_WARN_UNREACHABLE_CODE = YES;
				CLANG_WARN__DUPLICATE_METHOD_MATCH = YES;
				COPY_PHASE_STRIP = NO;
				DEBUG_INFORMATION_FORMAT = dwarf;
				ENABLE_STRICT_OBJC_MSGSEND = YES;
				ENABLE_TESTABILITY = YES;
				GCC_C_LANGUAGE_STANDARD = gnu11;
				GCC_DYNAMIC_NO_PIC = NO;
				GCC_NO_COMMON_BLOCKS = YES;
				GCC_OPTIMIZATION_LEVEL = 0;
				GCC_PREPROCESSOR_DEFINITIONS = (
					"DEBUG=1",
					"$(inherited)",
				);
				GCC_WARN_64_TO_32_BIT_CONVERSION = YES;
				GCC_WARN_ABOUT_RETURN_TYPE = YES_ERROR;
				GCC_WARN_UNDECLARED_SELECTOR = YES;
				GCC_WARN_UNINITIALIZED_AUTOS = YES_AGGRESSIVE;
				GCC_WARN_UNUSED_FUNCTION = YES;
				GCC_WARN_UNUSED_VARIABLE = YES;
				IPHONEOS_DEPLOYMENT_TARGET = 14.5;
				MTL_ENABLE_DEBUG_INFO = INCLUDE_SOURCE;
				MTL_FAST_MATH = YES;
				ONLY_ACTIVE_ARCH = YES;
				SDKROOT = iphoneos;
				SWIFT_ACTIVE_COMPILATION_CONDITIONS = DEBUG;
				SWIFT_OPTIMIZATION_LEVEL = "-Onone";
			};
			name = Debug;
		};
		EA33E1E826958CCD00F85DF0 /* Release */ = {
			isa = XCBuildConfiguration;
			buildSettings = {
				ALWAYS_SEARCH_USER_PATHS = NO;
				CLANG_ANALYZER_NONNULL = YES;
				CLANG_ANALYZER_NUMBER_OBJECT_CONVERSION = YES_AGGRESSIVE;
				CLANG_CXX_LANGUAGE_STANDARD = "gnu++14";
				CLANG_CXX_LIBRARY = "libc++";
				CLANG_ENABLE_MODULES = YES;
				CLANG_ENABLE_OBJC_ARC = YES;
				CLANG_ENABLE_OBJC_WEAK = YES;
				CLANG_WARN_BLOCK_CAPTURE_AUTORELEASING = YES;
				CLANG_WARN_BOOL_CONVERSION = YES;
				CLANG_WARN_COMMA = YES;
				CLANG_WARN_CONSTANT_CONVERSION = YES;
				CLANG_WARN_DEPRECATED_OBJC_IMPLEMENTATIONS = YES;
				CLANG_WARN_DIRECT_OBJC_ISA_USAGE = YES_ERROR;
				CLANG_WARN_DOCUMENTATION_COMMENTS = YES;
				CLANG_WARN_EMPTY_BODY = YES;
				CLANG_WARN_ENUM_CONVERSION = YES;
				CLANG_WARN_INFINITE_RECURSION = YES;
				CLANG_WARN_INT_CONVERSION = YES;
				CLANG_WARN_NON_LITERAL_NULL_CONVERSION = YES;
				CLANG_WARN_OBJC_IMPLICIT_RETAIN_SELF = YES;
				CLANG_WARN_OBJC_LITERAL_CONVERSION = YES;
				CLANG_WARN_OBJC_ROOT_CLASS = YES_ERROR;
				CLANG_WARN_QUOTED_INCLUDE_IN_FRAMEWORK_HEADER = YES;
				CLANG_WARN_RANGE_LOOP_ANALYSIS = YES;
				CLANG_WARN_STRICT_PROTOTYPES = YES;
				CLANG_WARN_SUSPICIOUS_MOVE = YES;
				CLANG_WARN_UNGUARDED_AVAILABILITY = YES_AGGRESSIVE;
				CLANG_WARN_UNREACHABLE_CODE = YES;
				CLANG_WARN__DUPLICATE_METHOD_MATCH = YES;
				COPY_PHASE_STRIP = NO;
				DEBUG_INFORMATION_FORMAT = "dwarf-with-dsym";
				ENABLE_NS_ASSERTIONS = NO;
				ENABLE_STRICT_OBJC_MSGSEND = YES;
				GCC_C_LANGUAGE_STANDARD = gnu11;
				GCC_NO_COMMON_BLOCKS = YES;
				GCC_WARN_64_TO_32_BIT_CONVERSION = YES;
				GCC_WARN_ABOUT_RETURN_TYPE = YES_ERROR;
				GCC_WARN_UNDECLARED_SELECTOR = YES;
				GCC_WARN_UNINITIALIZED_AUTOS = YES_AGGRESSIVE;
				GCC_WARN_UNUSED_FUNCTION = YES;
				GCC_WARN_UNUSED_VARIABLE = YES;
				IPHONEOS_DEPLOYMENT_TARGET = 14.5;
				MTL_ENABLE_DEBUG_INFO = NO;
				MTL_FAST_MATH = YES;
				SDKROOT = iphoneos;
				SWIFT_COMPILATION_MODE = wholemodule;
				SWIFT_OPTIMIZATION_LEVEL = "-O";
				VALIDATE_PRODUCT = YES;
			};
			name = Release;
		};
		EA33E1EA26958CCD00F85DF0 /* Debug */ = {
			isa = XCBuildConfiguration;
			buildSettings = {
				ASSETCATALOG_COMPILER_APPICON_NAME = AppIcon;
				ASSETCATALOG_COMPILER_GLOBAL_ACCENT_COLOR_NAME = AccentColor;
				CODE_SIGN_STYLE = Automatic;
				INFOPLIST_FILE = "ThirdTeamWork/Supporting Files/Info.plist";
				LD_RUNPATH_SEARCH_PATHS = (
					"$(inherited)",
					"@executable_path/Frameworks",
				);
				PRODUCT_BUNDLE_IDENTIFIER = com.GiorgiMeskhi.ThirdTeamWork;
				PRODUCT_NAME = "$(TARGET_NAME)";
				SWIFT_VERSION = 5.0;
				TARGETED_DEVICE_FAMILY = "1,2";
			};
			name = Debug;
		};
		EA33E1EB26958CCD00F85DF0 /* Release */ = {
			isa = XCBuildConfiguration;
			buildSettings = {
				ASSETCATALOG_COMPILER_APPICON_NAME = AppIcon;
				ASSETCATALOG_COMPILER_GLOBAL_ACCENT_COLOR_NAME = AccentColor;
				CODE_SIGN_STYLE = Automatic;
				INFOPLIST_FILE = "ThirdTeamWork/Supporting Files/Info.plist";
				LD_RUNPATH_SEARCH_PATHS = (
					"$(inherited)",
					"@executable_path/Frameworks",
				);
				PRODUCT_BUNDLE_IDENTIFIER = com.GiorgiMeskhi.ThirdTeamWork;
				PRODUCT_NAME = "$(TARGET_NAME)";
				SWIFT_VERSION = 5.0;
				TARGETED_DEVICE_FAMILY = "1,2";
			};
			name = Release;
		};
/* End XCBuildConfiguration section */

/* Begin XCConfigurationList section */
		EA33E1D026958CCD00F85DF0 /* Build configuration list for PBXProject "ThirdTeamWork" */ = {
			isa = XCConfigurationList;
			buildConfigurations = (
				EA33E1E726958CCD00F85DF0 /* Debug */,
				EA33E1E826958CCD00F85DF0 /* Release */,
			);
			defaultConfigurationIsVisible = 0;
			defaultConfigurationName = Release;
		};
		EA33E1E926958CCD00F85DF0 /* Build configuration list for PBXNativeTarget "ThirdTeamWork" */ = {
			isa = XCConfigurationList;
			buildConfigurations = (
				EA33E1EA26958CCD00F85DF0 /* Debug */,
				EA33E1EB26958CCD00F85DF0 /* Release */,
			);
			defaultConfigurationIsVisible = 0;
			defaultConfigurationName = Release;
		};
/* End XCConfigurationList section */
	};
	rootObject = EA33E1CD26958CCD00F85DF0 /* Project object */;
}
